// !$*UTF8*$!
{
	archiveVersion = 1;
	classes = {
	};
	objectVersion = 46;
	objects = {

/* Begin PBXBuildFile section */
		B51D1C521C90365800E32089 /* AppDelegate.swift in Sources */ = {isa = PBXBuildFile; fileRef = B51D1C481C90365800E32089 /* AppDelegate.swift */; };
		B51D1C531C90365800E32089 /* Assets.xcassets in Resources */ = {isa = PBXBuildFile; fileRef = B51D1C491C90365800E32089 /* Assets.xcassets */; };
		B51D1C561C90365800E32089 /* Info.plist in Resources */ = {isa = PBXBuildFile; fileRef = B51D1C4F1C90365800E32089 /* Info.plist */; };
		B51D1C571C90365800E32089 /* ViewController.swift in Sources */ = {isa = PBXBuildFile; fileRef = B51D1C501C90365800E32089 /* ViewController.swift */; };
		B51D1C5C1C90369E00E32089 /* LaunchScreen.storyboard in Resources */ = {isa = PBXBuildFile; fileRef = B51D1C581C90369E00E32089 /* LaunchScreen.storyboard */; };
		B51D1C5D1C90369E00E32089 /* Main.storyboard in Resources */ = {isa = PBXBuildFile; fileRef = B51D1C5A1C90369E00E32089 /* Main.storyboard */; };
		B51D1C7A1C90519800E32089 /* SpinnerActivityView.framework in Frameworks */ = {isa = PBXBuildFile; fileRef = B51D1C791C90519800E32089 /* SpinnerActivityView.framework */; };
		B51D1C9B1C91AB2B00E32089 /* DotsActivityView.framework in Frameworks */ = {isa = PBXBuildFile; fileRef = B51D1C9A1C91AB2B00E32089 /* DotsActivityView.framework */; };
/* End PBXBuildFile section */

/* Begin PBXFileReference section */
		B51D1C481C90365800E32089 /* AppDelegate.swift */ = {isa = PBXFileReference; fileEncoding = 4; lastKnownFileType = sourcecode.swift; name = AppDelegate.swift; path = SpinnerExampleProject/AppDelegate.swift; sourceTree = SOURCE_ROOT; };
		B51D1C491C90365800E32089 /* Assets.xcassets */ = {isa = PBXFileReference; lastKnownFileType = folder.assetcatalog; name = Assets.xcassets; path = SpinnerExampleProject/Assets.xcassets; sourceTree = SOURCE_ROOT; };
		B51D1C4F1C90365800E32089 /* Info.plist */ = {isa = PBXFileReference; fileEncoding = 4; lastKnownFileType = text.plist.xml; name = Info.plist; path = SpinnerExampleProject/Info.plist; sourceTree = SOURCE_ROOT; };
		B51D1C501C90365800E32089 /* ViewController.swift */ = {isa = PBXFileReference; fileEncoding = 4; lastKnownFileType = sourcecode.swift; name = ViewController.swift; path = SpinnerExampleProject/ViewController.swift; sourceTree = SOURCE_ROOT; };
		B51D1C591C90369E00E32089 /* Base */ = {isa = PBXFileReference; lastKnownFileType = file.storyboard; name = Base; path = SpinnerExampleProject/Base.lproj/LaunchScreen.storyboard; sourceTree = SOURCE_ROOT; };
		B51D1C5B1C90369E00E32089 /* Base */ = {isa = PBXFileReference; lastKnownFileType = file.storyboard; name = Base; path = SpinnerExampleProject/Base.lproj/Main.storyboard; sourceTree = SOURCE_ROOT; };
		B51D1C791C90519800E32089 /* SpinnerActivityView.framework */ = {isa = PBXFileReference; lastKnownFileType = wrapper.framework; name = SpinnerActivityView.framework; path = "../../../Library/Developer/Xcode/DerivedData/Spinner-abpnbfokeiwhdoeznfbkzncvkdct/Build/Products/Debug-iphoneos/SpinnerActivityView.framework"; sourceTree = "<group>"; };
		B51D1C9A1C91AB2B00E32089 /* DotsActivityView.framework */ = {isa = PBXFileReference; lastKnownFileType = wrapper.framework; name = DotsActivityView.framework; path = "../../../Library/Developer/Xcode/DerivedData/ActivityAnimations-drivctizrkbuzneaqncuigqjbqmf/Build/Products/Debug-iphoneos/DotsActivityView.framework"; sourceTree = "<group>"; };
		B5EBE0C01C79AFF90068B548 /* SpinnerExampleProject.app */ = {isa = PBXFileReference; explicitFileType = wrapper.application; includeInIndex = 0; path = SpinnerExampleProject.app; sourceTree = BUILT_PRODUCTS_DIR; };
/* End PBXFileReference section */

/* Begin PBXFrameworksBuildPhase section */
		B5EBE0BD1C79AFF90068B548 /* Frameworks */ = {
			isa = PBXFrameworksBuildPhase;
			buildActionMask = 2147483647;
			files = (
				B51D1C9B1C91AB2B00E32089 /* DotsActivityView.framework in Frameworks */,
				B51D1C7A1C90519800E32089 /* SpinnerActivityView.framework in Frameworks */,
			);
			runOnlyForDeploymentPostprocessing = 0;
		};
/* End PBXFrameworksBuildPhase section */

/* Begin PBXGroup section */
		B5EBE0B71C79AFF90068B548 = {
			isa = PBXGroup;
			children = (
				B51D1C9A1C91AB2B00E32089 /* DotsActivityView.framework */,
				B51D1C791C90519800E32089 /* SpinnerActivityView.framework */,
				B5EBE0C21C79AFF90068B548 /* SpinnerExampleProject */,
				B5EBE0C11C79AFF90068B548 /* Products */,
			);
			sourceTree = "<group>";
		};
		B5EBE0C11C79AFF90068B548 /* Products */ = {
			isa = PBXGroup;
			children = (
				B5EBE0C01C79AFF90068B548 /* SpinnerExampleProject.app */,
			);
			name = Products;
			sourceTree = "<group>";
		};
		B5EBE0C21C79AFF90068B548 /* SpinnerExampleProject */ = {
			isa = PBXGroup;
			children = (
				B51D1C581C90369E00E32089 /* LaunchScreen.storyboard */,
				B51D1C5A1C90369E00E32089 /* Main.storyboard */,
				B51D1C481C90365800E32089 /* AppDelegate.swift */,
				B51D1C491C90365800E32089 /* Assets.xcassets */,
				B51D1C4F1C90365800E32089 /* Info.plist */,
				B51D1C501C90365800E32089 /* ViewController.swift */,
			);
			name = SpinnerExampleProject;
			path = DBSpinnerActivityView;
			sourceTree = "<group>";
		};
/* End PBXGroup section */

/* Begin PBXNativeTarget section */
		B5EBE0BF1C79AFF90068B548 /* SpinnerExampleProject */ = {
			isa = PBXNativeTarget;
			buildConfigurationList = B5EBE0D21C79AFF90068B548 /* Build configuration list for PBXNativeTarget "SpinnerExampleProject" */;
			buildPhases = (
				B5EBE0BC1C79AFF90068B548 /* Sources */,
				B5EBE0BD1C79AFF90068B548 /* Frameworks */,
				B5EBE0BE1C79AFF90068B548 /* Resources */,
			);
			buildRules = (
			);
			dependencies = (
			);
			name = SpinnerExampleProject;
			productName = DBSpinnerActivityView;
			productReference = B5EBE0C01C79AFF90068B548 /* SpinnerExampleProject.app */;
			productType = "com.apple.product-type.application";
		};
/* End PBXNativeTarget section */

/* Begin PBXProject section */
		B5EBE0B81C79AFF90068B548 /* Project object */ = {
			isa = PBXProject;
			attributes = {
				LastSwiftUpdateCheck = 0720;
				LastUpgradeCheck = 0720;
				ORGANIZATIONNAME = "David Bemerguy";
				TargetAttributes = {
					B5EBE0BF1C79AFF90068B548 = {
						CreatedOnToolsVersion = 7.2;
					};
				};
			};
			buildConfigurationList = B5EBE0BB1C79AFF90068B548 /* Build configuration list for PBXProject "SpinnerExampleProject" */;
			compatibilityVersion = "Xcode 3.2";
			developmentRegion = English;
			hasScannedForEncodings = 0;
			knownRegions = (
				en,
				Base,
			);
			mainGroup = B5EBE0B71C79AFF90068B548;
			productRefGroup = B5EBE0C11C79AFF90068B548 /* Products */;
			projectDirPath = "";
			projectRoot = "";
			targets = (
				B5EBE0BF1C79AFF90068B548 /* SpinnerExampleProject */,
			);
		};
/* End PBXProject section */

/* Begin PBXResourcesBuildPhase section */
		B5EBE0BE1C79AFF90068B548 /* Resources */ = {
			isa = PBXResourcesBuildPhase;
			buildActionMask = 2147483647;
			files = (
				B51D1C5C1C90369E00E32089 /* LaunchScreen.storyboard in Resources */,
				B51D1C531C90365800E32089 /* Assets.xcassets in Resources */,
				B51D1C561C90365800E32089 /* Info.plist in Resources */,
				B51D1C5D1C90369E00E32089 /* Main.storyboard in Resources */,
			);
			runOnlyForDeploymentPostprocessing = 0;
		};
/* End PBXResourcesBuildPhase section */

/* Begin PBXSourcesBuildPhase section */
		B5EBE0BC1C79AFF90068B548 /* Sources */ = {
			isa = PBXSourcesBuildPhase;
			buildActionMask = 2147483647;
			files = (
				B51D1C571C90365800E32089 /* ViewController.swift in Sources */,
				B51D1C521C90365800E32089 /* AppDelegate.swift in Sources */,
			);
			runOnlyForDeploymentPostprocessing = 0;
		};
/* End PBXSourcesBuildPhase section */

/* Begin PBXVariantGroup section */
		B51D1C581C90369E00E32089 /* LaunchScreen.storyboard */ = {
			isa = PBXVariantGroup;
			children = (
				B51D1C591C90369E00E32089 /* Base */,
			);
			name = LaunchScreen.storyboard;
			sourceTree = "<group>";
		};
		B51D1C5A1C90369E00E32089 /* Main.storyboard */ = {
			isa = PBXVariantGroup;
			children = (
				B51D1C5B1C90369E00E32089 /* Base */,
			);
			name = Main.storyboard;
			sourceTree = "<group>";
		};
/* End PBXVariantGroup section */

/* Begin XCBuildConfiguration section */
		B5EBE0D01C79AFF90068B548 /* Debug */ = {
			isa = XCBuildConfiguration;
			buildSettings = {
				ALWAYS_SEARCH_USER_PATHS = NO;
				CLANG_CXX_LANGUAGE_STANDARD = "gnu++0x";
				CLANG_CXX_LIBRARY = "libc++";
				CLANG_ENABLE_MODULES = YES;
				CLANG_ENABLE_OBJC_ARC = YES;
				CLANG_WARN_BOOL_CONVERSION = YES;
				CLANG_WARN_CONSTANT_CONVERSION = YES;
				CLANG_WARN_DIRECT_OBJC_ISA_USAGE = YES_ERROR;
				CLANG_WARN_EMPTY_BODY = YES;
				CLANG_WARN_ENUM_CONVERSION = YES;
				CLANG_WARN_INT_CONVERSION = YES;
				CLANG_WARN_OBJC_ROOT_CLASS = YES_ERROR;
				CLANG_WARN_UNREACHABLE_CODE = YES;
				CLANG_WARN__DUPLICATE_METHOD_MATCH = YES;
				"CODE_SIGN_IDENTITY[sdk=iphoneos*]" = "iPhone Developer";
				COPY_PHASE_STRIP = NO;
				DEBUG_INFORMATION_FORMAT = dwarf;
				ENABLE_STRICT_OBJC_MSGSEND = YES;
				ENABLE_TESTABILITY = YES;
				GCC_C_LANGUAGE_STANDARD = gnu99;
				GCC_DYNAMIC_NO_PIC = NO;
				GCC_NO_COMMON_BLOCKS = YES;
				GCC_OPTIMIZATION_LEVEL = 0;
				GCC_PREPROCESSOR_DEFINITIONS = (
					"DEBUG=1",
					"$(inherited)",
				);
				GCC_WARN_64_TO_32_BIT_CONVERSION = YES;
				GCC_WARN_ABOUT_RETURN_TYPE = YES_ERROR;
				GCC_WARN_UNDECLARED_SELECTOR = YES;
				GCC_WARN_UNINITIALIZED_AUTOS = YES_AGGRESSIVE;
				GCC_WARN_UNUSED_FUNCTION = YES;
				GCC_WARN_UNUSED_VARIABLE = YES;
				IPHONEOS_DEPLOYMENT_TARGET = 9.2;
				MTL_ENABLE_DEBUG_INFO = YES;
				ONLY_ACTIVE_ARCH = YES;
				SDKROOT = iphoneos;
				SWIFT_OPTIMIZATION_LEVEL = "-Onone";
				TARGETED_DEVICE_FAMILY = "1,2";
			};
			name = Debug;
		};
		B5EBE0D11C79AFF90068B548 /* Release */ = {
			isa = XCBuildConfiguration;
			buildSettings = {
				ALWAYS_SEARCH_USER_PATHS = NO;
				CLANG_CXX_LANGUAGE_STANDARD = "gnu++0x";
				CLANG_CXX_LIBRARY = "libc++";
				CLANG_ENABLE_MODULES = YES;
				CLANG_ENABLE_OBJC_ARC = YES;
				CLANG_WARN_BOOL_CONVERSION = YES;
				CLANG_WARN_CONSTANT_CONVERSION = YES;
				CLANG_WARN_DIRECT_OBJC_ISA_USAGE = YES_ERROR;
				CLANG_WARN_EMPTY_BODY = YES;
				CLANG_WARN_ENUM_CONVERSION = YES;
				CLANG_WARN_INT_CONVERSION = YES;
				CLANG_WARN_OBJC_ROOT_CLASS = YES_ERROR;
				CLANG_WARN_UNREACHABLE_CODE = YES;
				CLANG_WARN__DUPLICATE_METHOD_MATCH = YES;
				"CODE_SIGN_IDENTITY[sdk=iphoneos*]" = "iPhone Developer";
				COPY_PHASE_STRIP = NO;
				DEBUG_INFORMATION_FORMAT = "dwarf-with-dsym";
				ENABLE_NS_ASSERTIONS = NO;
				ENABLE_STRICT_OBJC_MSGSEND = YES;
				GCC_C_LANGUAGE_STANDARD = gnu99;
				GCC_NO_COMMON_BLOCKS = YES;
				GCC_WARN_64_TO_32_BIT_CONVERSION = YES;
				GCC_WARN_ABOUT_RETURN_TYPE = YES_ERROR;
				GCC_WARN_UNDECLARED_SELECTOR = YES;
				GCC_WARN_UNINITIALIZED_AUTOS = YES_AGGRESSIVE;
				GCC_WARN_UNUSED_FUNCTION = YES;
				GCC_WARN_UNUSED_VARIABLE = YES;
				IPHONEOS_DEPLOYMENT_TARGET = 9.2;
				MTL_ENABLE_DEBUG_INFO = NO;
				SDKROOT = iphoneos;
				TARGETED_DEVICE_FAMILY = "1,2";
				VALIDATE_PRODUCT = YES;
			};
			name = Release;
		};
		B5EBE0D31C79AFF90068B548 /* Debug */ = {
			isa = XCBuildConfiguration;
			buildSettings = {
				ASSETCATALOG_COMPILER_APPICON_NAME = AppIcon;
				FRAMEWORK_SEARCH_PATHS = (
					"$(inherited)",
					"$(PROJECT_DIR)/SpinnerExampleProject",
					"$(PROJECT_DIR)",
				);
				INFOPLIST_FILE = SpinnerExampleProject/Info.plist;
				LD_RUNPATH_SEARCH_PATHS = "$(inherited) @executable_path/Frameworks";
				PRODUCT_BUNDLE_IDENTIFIER = com.dsb.spinnerexampleproject;
				PRODUCT_NAME = SpinnerExampleProject;
			};
			name = Debug;
		};
		B5EBE0D41C79AFF90068B548 /* Release */ = {
			isa = XCBuildConfiguration;
			buildSettings = {
				ASSETCATALOG_COMPILER_APPICON_NAME = AppIcon;
				FRAMEWORK_SEARCH_PATHS = (
					"$(inherited)",
					"$(PROJECT_DIR)/SpinnerExampleProject",
					"$(PROJECT_DIR)",
				);
				INFOPLIST_FILE = SpinnerExampleProject/Info.plist;
				LD_RUNPATH_SEARCH_PATHS = "$(inherited) @executable_path/Frameworks";
				PRODUCT_BUNDLE_IDENTIFIER = com.dsb.spinnerexampleproject;
				PRODUCT_NAME = SpinnerExampleProject;
			};
			name = Release;
		};
/* End XCBuildConfiguration section */

/* Begin XCConfigurationList section */
		B5EBE0BB1C79AFF90068B548 /* Build configuration list for PBXProject "SpinnerExampleProject" */ = {
			isa = XCConfigurationList;
			buildConfigurations = (
				B5EBE0D01C79AFF90068B548 /* Debug */,
				B5EBE0D11C79AFF90068B548 /* Release */,
			);
			defaultConfigurationIsVisible = 0;
			defaultConfigurationName = Release;
		};
		B5EBE0D21C79AFF90068B548 /* Build configuration list for PBXNativeTarget "SpinnerExampleProject" */ = {
			isa = XCConfigurationList;
			buildConfigurations = (
				B5EBE0D31C79AFF90068B548 /* Debug */,
				B5EBE0D41C79AFF90068B548 /* Release */,
			);
			defaultConfigurationIsVisible = 0;
			defaultConfigurationName = Release;
		};
/* End XCConfigurationList section */
	};
	rootObject = B5EBE0B81C79AFF90068B548 /* Project object */;
}
